
Microsoft Visual Studio Solution File, Format Version 12.00
# Visual Studio Version 16
VisualStudioVersion = 16.0.30907.101
MinimumVisualStudioVersion = 10.0.40219.1
Project("{9A19103F-16F7-4668-BE54-9A1E7A4F7556}") = "DataAccess", "DataAccess\DataAccess.csproj", "{00C06B05-85F0-4075-8E65-A961902A6995}"
EndProject
Project("{9A19103F-16F7-4668-BE54-9A1E7A4F7556}") = "Business", "Business\Business.csproj", "{C1CE9BEA-4238-4700-9366-34B36DA88E8A}"
EndProject
Project("{9A19103F-16F7-4668-BE54-9A1E7A4F7556}") = "Entities", "Entities\Entities.csproj", "{CE7EBE6A-AB07-44D4-BDA2-2CBBA509115F}"
EndProject
Project("{FAE04EC0-301F-11D3-BF4B-00C04F79EFBC}") = "ConsoleUI", "ConsoleUI\ConsoleUI.csproj", "{66B149C8-2BA8-43AB-957C-9CA9E8589082}"
EndProject
Global
	GlobalSection(SolutionConfigurationPlatforms) = preSolution
		Debug|Any CPU = Debug|Any CPU
		Release|Any CPU = Release|Any CPU
	EndGlobalSection
	GlobalSection(ProjectConfigurationPlatforms) = postSolution
		{00C06B05-85F0-4075-8E65-A961902A6995}.Debug|Any CPU.ActiveCfg = Debug|Any CPU
		{00C06B05-85F0-4075-8E65-A961902A6995}.Debug|Any CPU.Build.0 = Debug|Any CPU
		{00C06B05-85F0-4075-8E65-A961902A6995}.Release|Any CPU.ActiveCfg = Release|Any CPU
		{00C06B05-85F0-4075-8E65-A961902A6995}.Release|Any CPU.Build.0 = Release|Any CPU
		{C1CE9BEA-4238-4700-9366-34B36DA88E8A}.Debug|Any CPU.ActiveCfg = Debug|Any CPU
		{C1CE9BEA-4238-4700-9366-34B36DA88E8A}.Debug|Any CPU.Build.0 = Debug|Any CPU
		{C1CE9BEA-4238-4700-9366-34B36DA88E8A}.Release|Any CPU.ActiveCfg = Release|Any CPU
		{C1CE9BEA-4238-4700-9366-34B36DA88E8A}.Release|Any CPU.Build.0 = Release|Any CPU
		{CE7EBE6A-AB07-44D4-BDA2-2CBBA509115F}.Debug|Any CPU.ActiveCfg = Debug|Any CPU
		{CE7EBE6A-AB07-44D4-BDA2-2CBBA509115F}.Debug|Any CPU.Build.0 = Debug|Any CPU
		{CE7EBE6A-AB07-44D4-BDA2-2CBBA509115F}.Release|Any CPU.ActiveCfg = Release|Any CPU
		{CE7EBE6A-AB07-44D4-BDA2-2CBBA509115F}.Release|Any CPU.Build.0 = Release|Any CPU
		{66B149C8-2BA8-43AB-957C-9CA9E8589082}.Debug|Any CPU.ActiveCfg = Debug|Any CPU
		{66B149C8-2BA8-43AB-957C-9CA9E8589082}.Debug|Any CPU.Build.0 = Debug|Any CPU
		{66B149C8-2BA8-43AB-957C-9CA9E8589082}.Release|Any CPU.ActiveCfg = Release|Any CPU
		{66B149C8-2BA8-43AB-957C-9CA9E8589082}.Release|Any CPU.Build.0 = Release|Any CPU
	EndGlobalSection
	GlobalSection(SolutionProperties) = preSolution
		HideSolutionNode = FALSE
	EndGlobalSection
	GlobalSection(ExtensibilityGlobals) = postSolution
		SolutionGuid = {57C50C34-C4C8-4DFC-80C7-10D292FC6993}
	EndGlobalSection
EndGlobal
